
Microsoft Visual Studio Solution File, Format Version 12.00
# Visual Studio 15
VisualStudioVersion = 15.0.28307.572
MinimumVisualStudioVersion = 10.0.40219.1
Project("{FAE04EC0-301F-11D3-BF4B-00C04F79EFBC}") = "SoftwareUpdater", "SoftwareUpdater\SoftwareUpdater.csproj", "{391AEF68-F368-4378-A969-E1FCC54D5DE0}"
EndProject
Global
	GlobalSection(SolutionConfigurationPlatforms) = preSolution
		Debug|Any CPU = Debug|Any CPU
		Release|Any CPU = Release|Any CPU
	EndGlobalSection
	GlobalSection(ProjectConfigurationPlatforms) = postSolution
		{391AEF68-F368-4378-A969-E1FCC54D5DE0}.Debug|Any CPU.ActiveCfg = Debug|Any CPU
		{391AEF68-F368-4378-A969-E1FCC54D5DE0}.Debug|Any CPU.Build.0 = Debug|Any CPU
		{391AEF68-F368-4378-A969-E1FCC54D5DE0}.Release|Any CPU.ActiveCfg = Release|Any CPU
		{391AEF68-F368-4378-A969-E1FCC54D5DE0}.Release|Any CPU.Build.0 = Release|Any CPU
	EndGlobalSection
	GlobalSection(SolutionProperties) = preSolution
		HideSolutionNode = FALSE
	EndGlobalSection
	GlobalSection(ExtensibilityGlobals) = postSolution
		SolutionGuid = {F4F86F7B-8DD4-4DCA-B972-BFD809DD6534}
	EndGlobalSection
EndGlobal
